
Microsoft Visual Studio Solution File, Format Version 12.00
# Visual Studio 2013
VisualStudioVersion = 12.0.31101.0
MinimumVisualStudioVersion = 10.0.40219.1
Project("{FAE04EC0-301F-11D3-BF4B-00C04F79EFBC}") = "TicTacToe.Spec", "TicTacToe.Spec\TicTacToe.Spec.csproj", "{F4799416-41C8-4CBE-8253-2D01BC384C06}"
EndProject
Project("{FAE04EC0-301F-11D3-BF4B-00C04F79EFBC}") = "TicTacToe.Game", "TicTacToe.Game\TicTacToe.Game.csproj", "{015276A8-983B-45C8-B55F-06BBFC7C770A}"
EndProject
Global
	GlobalSection(SolutionConfigurationPlatforms) = preSolution
		Debug|Any CPU = Debug|Any CPU
		Release|Any CPU = Release|Any CPU
	EndGlobalSection
	GlobalSection(ProjectConfigurationPlatforms) = postSolution
		{F4799416-41C8-4CBE-8253-2D01BC384C06}.Debug|Any CPU.ActiveCfg = Debug|Any CPU
		{F4799416-41C8-4CBE-8253-2D01BC384C06}.Debug|Any CPU.Build.0 = Debug|Any CPU
		{F4799416-41C8-4CBE-8253-2D01BC384C06}.Release|Any CPU.ActiveCfg = Release|Any CPU
		{F4799416-41C8-4CBE-8253-2D01BC384C06}.Release|Any CPU.Build.0 = Release|Any CPU
		{015276A8-983B-45C8-B55F-06BBFC7C770A}.Debug|Any CPU.ActiveCfg = Debug|Any CPU
		{015276A8-983B-45C8-B55F-06BBFC7C770A}.Debug|Any CPU.Build.0 = Debug|Any CPU
		{015276A8-983B-45C8-B55F-06BBFC7C770A}.Release|Any CPU.ActiveCfg = Release|Any CPU
		{015276A8-983B-45C8-B55F-06BBFC7C770A}.Release|Any CPU.Build.0 = Release|Any CPU
	EndGlobalSection
	GlobalSection(SolutionProperties) = preSolution
		HideSolutionNode = FALSE
	EndGlobalSection
EndGlobal
